
Microsoft Visual Studio Solution File, Format Version 12.00
Project("{FAE04EC0-301F-11D3-BF4B-00C04F79EFBC}") = "SeamCarving", "SeamCarving\SeamCarving.csproj", "{94308C64-061D-4A11-AE4D-5B337D7C81B0}"
EndProject
Project("{FAE04EC0-301F-11D3-BF4B-00C04F79EFBC}") = "ImageEffects", "ImageEffects\ImageEffects.csproj", "{E44CB421-C048-4BF2-B721-9CA92471239B}"
EndProject
Global
	GlobalSection(SolutionConfigurationPlatforms) = preSolution
		Debug|Any CPU = Debug|Any CPU
		Release|Any CPU = Release|Any CPU
	EndGlobalSection
	GlobalSection(ProjectConfigurationPlatforms) = postSolution
		{94308C64-061D-4A11-AE4D-5B337D7C81B0}.Debug|Any CPU.ActiveCfg = Debug|Any CPU
		{94308C64-061D-4A11-AE4D-5B337D7C81B0}.Debug|Any CPU.Build.0 = Debug|Any CPU
		{94308C64-061D-4A11-AE4D-5B337D7C81B0}.Release|Any CPU.ActiveCfg = Release|Any CPU
		{94308C64-061D-4A11-AE4D-5B337D7C81B0}.Release|Any CPU.Build.0 = Release|Any CPU
		{E44CB421-C048-4BF2-B721-9CA92471239B}.Debug|Any CPU.ActiveCfg = Debug|Any CPU
		{E44CB421-C048-4BF2-B721-9CA92471239B}.Debug|Any CPU.Build.0 = Debug|Any CPU
		{E44CB421-C048-4BF2-B721-9CA92471239B}.Release|Any CPU.ActiveCfg = Release|Any CPU
		{E44CB421-C048-4BF2-B721-9CA92471239B}.Release|Any CPU.Build.0 = Release|Any CPU
	EndGlobalSection
EndGlobal
